
Microsoft Visual Studio Solution File, Format Version 12.00
# Visual Studio Version 17
VisualStudioVersion = 17.9.34723.18
MinimumVisualStudioVersion = 10.0.40219.1
Project("{FAE04EC0-301F-11D3-BF4B-00C04F79EFBC}") = "AutoService", "AutoService.csproj", "{704CD6B8-3147-47AE-B86A-362AD2F2CA9C}"
EndProject
Global
	GlobalSection(SolutionConfigurationPlatforms) = preSolution
		Debug|Any CPU = Debug|Any CPU
		Release|Any CPU = Release|Any CPU
	EndGlobalSection
	GlobalSection(ProjectConfigurationPlatforms) = postSolution
		{704CD6B8-3147-47AE-B86A-362AD2F2CA9C}.Debug|Any CPU.ActiveCfg = Debug|Any CPU
		{704CD6B8-3147-47AE-B86A-362AD2F2CA9C}.Debug|Any CPU.Build.0 = Debug|Any CPU
		{704CD6B8-3147-47AE-B86A-362AD2F2CA9C}.Release|Any CPU.ActiveCfg = Release|Any CPU
		{704CD6B8-3147-47AE-B86A-362AD2F2CA9C}.Release|Any CPU.Build.0 = Release|Any CPU
	EndGlobalSection
	GlobalSection(SolutionProperties) = preSolution
		HideSolutionNode = FALSE
	EndGlobalSection
	GlobalSection(ExtensibilityGlobals) = postSolution
		SolutionGuid = {B40A2180-6D50-49CF-AEF1-7C3BB3B1AA4F}
	EndGlobalSection
EndGlobal
